// !$*UTF8*$!
{
	archiveVersion = 1;
	classes = {
	};
	objectVersion = 46;
	objects = {

/* Begin PBXBuildFile section */
		8103AB071D99175400E75AC9 /* MBProgressHUD+Tools.m in Sources */ = {isa = PBXBuildFile; fileRef = 8103AB061D99175400E75AC9 /* MBProgressHUD+Tools.m */; };
		8103AB0A1D991E6300E75AC9 /* MineCollectionViewController.m in Sources */ = {isa = PBXBuildFile; fileRef = 8103AB091D991E6300E75AC9 /* MineCollectionViewController.m */; };
		811C707C1D9A075500610BFA /* HeadHitDisableTableView.m in Sources */ = {isa = PBXBuildFile; fileRef = 811C707B1D9A075500610BFA /* HeadHitDisableTableView.m */; };
		811C707F1D9A0EEB00610BFA /* UIImage+ImageEffects.m in Sources */ = {isa = PBXBuildFile; fileRef = 811C707E1D9A0EEB00610BFA /* UIImage+ImageEffects.m */; };
		818DDE7E1D87F7AD00B22A59 /* MineCenterTableViewCell.m in Sources */ = {isa = PBXBuildFile; fileRef = 818DDE7D1D87F7AD00B22A59 /* MineCenterTableViewCell.m */; };
		818DDE811D880A7300B22A59 /* ToolsManager.m in Sources */ = {isa = PBXBuildFile; fileRef = 818DDE801D880A7300B22A59 /* ToolsManager.m */; };
		82679C4FCDA9936D98E0B03A /* libPods-TucaoForiOS.a in Frameworks */ = {isa = PBXBuildFile; fileRef = 893E1699DDDFE43A3E508912 /* libPods-TucaoForiOS.a */; };
		8905B69F1D79D5770008D25B /* PlayerView.m in Sources */ = {isa = PBXBuildFile; fileRef = 8905B69E1D79D5770008D25B /* PlayerView.m */; };
		8905B6A41D79D6210008D25B /* PlayerUIView.m in Sources */ = {isa = PBXBuildFile; fileRef = 8905B6A31D79D6210008D25B /* PlayerUIView.m */; };
		89154B881D6E8C230039E551 /* VideoInfoNumberTableViewCell.m in Sources */ = {isa = PBXBuildFile; fileRef = 89154B871D6E8C230039E551 /* VideoInfoNumberTableViewCell.m */; };
		89154B8C1D6EDC660039E551 /* VideoInfoButtonTableViewCell.m in Sources */ = {isa = PBXBuildFile; fileRef = 89154B8B1D6EDC660039E551 /* VideoInfoButtonTableViewCell.m */; };
		89154B8F1D6EE4F40039E551 /* VideoInfoEpisodeTableViewCell.m in Sources */ = {isa = PBXBuildFile; fileRef = 89154B8E1D6EE4F40039E551 /* VideoInfoEpisodeTableViewCell.m */; };
		89154B921D6EE7050039E551 /* VideoInfoEpisodeCollectionViewCell.m in Sources */ = {isa = PBXBuildFile; fileRef = 89154B911D6EE7050039E551 /* VideoInfoEpisodeCollectionViewCell.m */; };
		89154B951D6EEEBF0039E551 /* VideoInfoUserTableViewCell.m in Sources */ = {isa = PBXBuildFile; fileRef = 89154B941D6EEEBF0039E551 /* VideoInfoUserTableViewCell.m */; };
		8930E9901D6BFEBF003C1B44 /* main.m in Sources */ = {isa = PBXBuildFile; fileRef = 8930E98F1D6BFEBF003C1B44 /* main.m */; };
		8930E9931D6BFEBF003C1B44 /* AppDelegate.m in Sources */ = {isa = PBXBuildFile; fileRef = 8930E9921D6BFEBF003C1B44 /* AppDelegate.m */; };
		8930E9AC1D6C0133003C1B44 /* MainViewController.m in Sources */ = {isa = PBXBuildFile; fileRef = 8930E9AB1D6C0133003C1B44 /* MainViewController.m */; };
		8930E9B01D6C02F4003C1B44 /* HomePageViewController.m in Sources */ = {isa = PBXBuildFile; fileRef = 8930E9AF1D6C02F4003C1B44 /* HomePageViewController.m */; };
		8930E9B41D6C0318003C1B44 /* AnimationViewController.m in Sources */ = {isa = PBXBuildFile; fileRef = 8930E9B31D6C0318003C1B44 /* AnimationViewController.m */; };
		8930E9B81D6C032D003C1B44 /* MusicViewController.m in Sources */ = {isa = PBXBuildFile; fileRef = 8930E9B71D6C032D003C1B44 /* MusicViewController.m */; };
		8930E9BC1D6C0340003C1B44 /* GameViewController.m in Sources */ = {isa = PBXBuildFile; fileRef = 8930E9BB1D6C0340003C1B44 /* GameViewController.m */; };
		8930E9C01D6C0372003C1B44 /* ThreeDViewController.m in Sources */ = {isa = PBXBuildFile; fileRef = 8930E9BF1D6C0372003C1B44 /* ThreeDViewController.m */; };
		8930E9C31D6C0381003C1B44 /* MovieViewController.m in Sources */ = {isa = PBXBuildFile; fileRef = 8930E9C21D6C0381003C1B44 /* MovieViewController.m */; };
		8930E9C81D6C03A5003C1B44 /* BangumiViewController.m in Sources */ = {isa = PBXBuildFile; fileRef = 8930E9C71D6C03A5003C1B44 /* BangumiViewController.m */; };
		8930E9CC1D6C060C003C1B44 /* SectionViewController.m in Sources */ = {isa = PBXBuildFile; fileRef = 8930E9CB1D6C060C003C1B44 /* SectionViewController.m */; };
		8930E9D21D6C206D003C1B44 /* MineViewController.m in Sources */ = {isa = PBXBuildFile; fileRef = 8930E9D11D6C206D003C1B44 /* MineViewController.m */; };
		8930E9D71D6C2649003C1B44 /* BaseViewController.m in Sources */ = {isa = PBXBuildFile; fileRef = 8930E9D61D6C2649003C1B44 /* BaseViewController.m */; };
		8930E9DA1D6C2E5B003C1B44 /* BaseNetManager.m in Sources */ = {isa = PBXBuildFile; fileRef = 8930E9D91D6C2E5B003C1B44 /* BaseNetManager.m */; };
		8930E9DE1D6C2E88003C1B44 /* AFHTTPDataResponseSerializer.m in Sources */ = {isa = PBXBuildFile; fileRef = 8930E9DD1D6C2E88003C1B44 /* AFHTTPDataResponseSerializer.m */; };
		8930E9E11D6C2EA8003C1B44 /* TucaoErrorModel.m in Sources */ = {isa = PBXBuildFile; fileRef = 8930E9E01D6C2EA8003C1B44 /* TucaoErrorModel.m */; };
		8930E9E41D6C3016003C1B44 /* HomePageNetManager.m in Sources */ = {isa = PBXBuildFile; fileRef = 8930E9E31D6C3016003C1B44 /* HomePageNetManager.m */; };
		8930E9E71D6C32A3003C1B44 /* VideoCollectionModel.m in Sources */ = {isa = PBXBuildFile; fileRef = 8930E9E61D6C32A3003C1B44 /* VideoCollectionModel.m */; };
		8930E9EA1D6C32B1003C1B44 /* BaseModel.m in Sources */ = {isa = PBXBuildFile; fileRef = 8930E9E91D6C32B1003C1B44 /* BaseModel.m */; };
		8930E9F11D6C5B63003C1B44 /* HomePageSectionTableViewCell.m in Sources */ = {isa = PBXBuildFile; fileRef = 8930E9F01D6C5B63003C1B44 /* HomePageSectionTableViewCell.m */; };
		893982651D882BD600E88C14 /* SearchHistoryListView.m in Sources */ = {isa = PBXBuildFile; fileRef = 893982641D882BD600E88C14 /* SearchHistoryListView.m */; };
		893982681D88338B00E88C14 /* SearchHistoryClearAllTableViewCell.m in Sources */ = {isa = PBXBuildFile; fileRef = 893982671D88338B00E88C14 /* SearchHistoryClearAllTableViewCell.m */; };
		8939826D1D884C1300E88C14 /* BaseViewModel.m in Sources */ = {isa = PBXBuildFile; fileRef = 8939826C1D884C1300E88C14 /* BaseViewModel.m */; };
		893982701D884C2500E88C14 /* SectionViewModel.m in Sources */ = {isa = PBXBuildFile; fileRef = 8939826F1D884C2500E88C14 /* SectionViewModel.m */; };
		893982731D884E8500E88C14 /* BaseVideoListViewController.m in Sources */ = {isa = PBXBuildFile; fileRef = 893982721D884E8500E88C14 /* BaseVideoListViewController.m */; };
		893982761D8851F200E88C14 /* SearchViewModel.m in Sources */ = {isa = PBXBuildFile; fileRef = 893982751D8851F200E88C14 /* SearchViewModel.m */; };
		893982791D8852F500E88C14 /* SearchNetManager.m in Sources */ = {isa = PBXBuildFile; fileRef = 893982781D8852F500E88C14 /* SearchNetManager.m */; };
		8939827C1D88552B00E88C14 /* SearchListViewController.m in Sources */ = {isa = PBXBuildFile; fileRef = 8939827B1D88552B00E88C14 /* SearchListViewController.m */; };
		899D0FC51D7134B50073964D /* VideoInfoViewController.m in Sources */ = {isa = PBXBuildFile; fileRef = 899D0FC41D7134B50073964D /* VideoInfoViewController.m */; };
		899D0FEB1D7143AB0073964D /* VideoInfoTextTableViewCell.m in Sources */ = {isa = PBXBuildFile; fileRef = 899D0FEA1D7143AB0073964D /* VideoInfoTextTableViewCell.m */; };
		89C25BFD1D86EAD7008E85F8 /* SectionCollectionViewCell.m in Sources */ = {isa = PBXBuildFile; fileRef = 89C25BFC1D86EAD7008E85F8 /* SectionCollectionViewCell.m */; };
		89C760FE1D6C804000635384 /* Assets.xcassets in Resources */ = {isa = PBXBuildFile; fileRef = 89C760FD1D6C804000635384 /* Assets.xcassets */; };
		89C761011D6C804600635384 /* LaunchScreen.storyboard in Resources */ = {isa = PBXBuildFile; fileRef = 89C760FF1D6C804600635384 /* LaunchScreen.storyboard */; };
		89C761041D6C80F900635384 /* HomePageSectionCollectionViewCell.m in Sources */ = {isa = PBXBuildFile; fileRef = 89C761031D6C80F900635384 /* HomePageSectionCollectionViewCell.m */; };
		89C761081D6C84C200635384 /* NSString+Tools.m in Sources */ = {isa = PBXBuildFile; fileRef = 89C761071D6C84C200635384 /* NSString+Tools.m */; };
		89CA5D031D785CF2003C56BE /* SectionTableViewCell.m in Sources */ = {isa = PBXBuildFile; fileRef = 89CA5D021D785CF2003C56BE /* SectionTableViewCell.m */; };
		89CA5D061D78642F003C56BE /* BasePageViewController.m in Sources */ = {isa = PBXBuildFile; fileRef = 89CA5D051D78642F003C56BE /* BasePageViewController.m */; };
		89CA5D091D7865B4003C56BE /* BaseSectionViewController.m in Sources */ = {isa = PBXBuildFile; fileRef = 89CA5D081D7865B4003C56BE /* BaseSectionViewController.m */; };
		89CA5D0D1D786746003C56BE /* SectionNetManager.m in Sources */ = {isa = PBXBuildFile; fileRef = 89CA5D0C1D786746003C56BE /* SectionNetManager.m */; };
		89CA5D0F1D788A2A003C56BE /* section_map.plist in Resources */ = {isa = PBXBuildFile; fileRef = 89CA5D0E1D788A2A003C56BE /* section_map.plist */; };
		89D3C13A1D6D3A640064FA67 /* MJRefreshNormalHeader+DefaultRefreshStyle.m in Sources */ = {isa = PBXBuildFile; fileRef = 89D3C1391D6D3A640064FA67 /* MJRefreshNormalHeader+DefaultRefreshStyle.m */; };
		89D3C13D1D6D876B0064FA67 /* HomePageSectionHeaderFooterView.m in Sources */ = {isa = PBXBuildFile; fileRef = 89D3C13C1D6D876B0064FA67 /* HomePageSectionHeaderFooterView.m */; };
		89D3C1401D6D99390064FA67 /* VideoNetManager.m in Sources */ = {isa = PBXBuildFile; fileRef = 89D3C13F1D6D99390064FA67 /* VideoNetManager.m */; };
		89D3C1431D6DA2E60064FA67 /* DanmakuNetManager.m in Sources */ = {isa = PBXBuildFile; fileRef = 89D3C1421D6DA2E60064FA67 /* DanmakuNetManager.m */; };
		89D3C1461D6DA3130064FA67 /* DanmakuModel.m in Sources */ = {isa = PBXBuildFile; fileRef = 89D3C1451D6DA3130064FA67 /* DanmakuModel.m */; };
		89D3C1491D6DA41D0064FA67 /* DanmakuDataFormatter.m in Sources */ = {isa = PBXBuildFile; fileRef = 89D3C1481D6DA41D0064FA67 /* DanmakuDataFormatter.m */; };
		89D3C14C1D6DA5140064FA67 /* JHDanmakuEngine+Tools.m in Sources */ = {isa = PBXBuildFile; fileRef = 89D3C14B1D6DA5140064FA67 /* JHDanmakuEngine+Tools.m */; };
		89E574C31D772D6900415F97 /* MJRefreshAutoNormalFooter+DefaultRefreshStyle.m in Sources */ = {isa = PBXBuildFile; fileRef = 89E574C21D772D6900415F97 /* MJRefreshAutoNormalFooter+DefaultRefreshStyle.m */; };
		89EE83D01D6EF5AD006A85AD /* WebViewController.m in Sources */ = {isa = PBXBuildFile; fileRef = 89EE83CF1D6EF5AD006A85AD /* WebViewController.m */; };
		89EE83D31D6EF816006A85AD /* UserInfoWebViewController.m in Sources */ = {isa = PBXBuildFile; fileRef = 89EE83D21D6EF816006A85AD /* UserInfoWebViewController.m */; };
		89F959E51D72EC8E0024D67D /* VideoInfoBriefView.m in Sources */ = {isa = PBXBuildFile; fileRef = 89F959E41D72EC8E0024D67D /* VideoInfoBriefView.m */; };
/* End PBXBuildFile section */

/* Begin PBXFileReference section */
		62A7950F6049C9F4CA84344C /* Pods-TucaoForiOS.debug.xcconfig */ = {isa = PBXFileReference; includeInIndex = 1; lastKnownFileType = text.xcconfig; name = "Pods-TucaoForiOS.debug.xcconfig"; path = "Pods/Target Support Files/Pods-TucaoForiOS/Pods-TucaoForiOS.debug.xcconfig"; sourceTree = "<group>"; };
		8103AB051D99175400E75AC9 /* MBProgressHUD+Tools.h */ = {isa = PBXFileReference; fileEncoding = 4; lastKnownFileType = sourcecode.c.h; path = "MBProgressHUD+Tools.h"; sourceTree = "<group>"; };
		8103AB061D99175400E75AC9 /* MBProgressHUD+Tools.m */ = {isa = PBXFileReference; fileEncoding = 4; lastKnownFileType = sourcecode.c.objc; path = "MBProgressHUD+Tools.m"; sourceTree = "<group>"; };
		8103AB081D991E6300E75AC9 /* MineCollectionViewController.h */ = {isa = PBXFileReference; fileEncoding = 4; lastKnownFileType = sourcecode.c.h; path = MineCollectionViewController.h; sourceTree = "<group>"; };
		8103AB091D991E6300E75AC9 /* MineCollectionViewController.m */ = {isa = PBXFileReference; fileEncoding = 4; lastKnownFileType = sourcecode.c.objc; path = MineCollectionViewController.m; sourceTree = "<group>"; };
		811C707A1D9A075500610BFA /* HeadHitDisableTableView.h */ = {isa = PBXFileReference; fileEncoding = 4; lastKnownFileType = sourcecode.c.h; path = HeadHitDisableTableView.h; sourceTree = "<group>"; };
		811C707B1D9A075500610BFA /* HeadHitDisableTableView.m */ = {isa = PBXFileReference; fileEncoding = 4; lastKnownFileType = sourcecode.c.objc; path = HeadHitDisableTableView.m; sourceTree = "<group>"; };
		811C707D1D9A0EEB00610BFA /* UIImage+ImageEffects.h */ = {isa = PBXFileReference; fileEncoding = 4; lastKnownFileType = sourcecode.c.h; path = "UIImage+ImageEffects.h"; sourceTree = "<group>"; };
		811C707E1D9A0EEB00610BFA /* UIImage+ImageEffects.m */ = {isa = PBXFileReference; fileEncoding = 4; lastKnownFileType = sourcecode.c.objc; path = "UIImage+ImageEffects.m"; sourceTree = "<group>"; };
		818DDE7C1D87F7AD00B22A59 /* MineCenterTableViewCell.h */ = {isa = PBXFileReference; fileEncoding = 4; lastKnownFileType = sourcecode.c.h; path = MineCenterTableViewCell.h; sourceTree = "<group>"; };
		818DDE7D1D87F7AD00B22A59 /* MineCenterTableViewCell.m */ = {isa = PBXFileReference; fileEncoding = 4; lastKnownFileType = sourcecode.c.objc; path = MineCenterTableViewCell.m; sourceTree = "<group>"; };
		818DDE7F1D880A7300B22A59 /* ToolsManager.h */ = {isa = PBXFileReference; fileEncoding = 4; lastKnownFileType = sourcecode.c.h; path = ToolsManager.h; sourceTree = "<group>"; };
		818DDE801D880A7300B22A59 /* ToolsManager.m */ = {isa = PBXFileReference; fileEncoding = 4; lastKnownFileType = sourcecode.c.objc; path = ToolsManager.m; sourceTree = "<group>"; };
		8905B69D1D79D5770008D25B /* PlayerView.h */ = {isa = PBXFileReference; fileEncoding = 4; lastKnownFileType = sourcecode.c.h; path = PlayerView.h; sourceTree = "<group>"; };
		8905B69E1D79D5770008D25B /* PlayerView.m */ = {isa = PBXFileReference; fileEncoding = 4; lastKnownFileType = sourcecode.c.objc; path = PlayerView.m; sourceTree = "<group>"; };
		8905B6A21D79D6210008D25B /* PlayerUIView.h */ = {isa = PBXFileReference; fileEncoding = 4; lastKnownFileType = sourcecode.c.h; path = PlayerUIView.h; sourceTree = "<group>"; };
		8905B6A31D79D6210008D25B /* PlayerUIView.m */ = {isa = PBXFileReference; fileEncoding = 4; lastKnownFileType = sourcecode.c.objc; path = PlayerUIView.m; sourceTree = "<group>"; };
		89154B861D6E8C230039E551 /* VideoInfoNumberTableViewCell.h */ = {isa = PBXFileReference; fileEncoding = 4; lastKnownFileType = sourcecode.c.h; path = VideoInfoNumberTableViewCell.h; sourceTree = "<group>"; };
		89154B871D6E8C230039E551 /* VideoInfoNumberTableViewCell.m */ = {isa = PBXFileReference; fileEncoding = 4; lastKnownFileType = sourcecode.c.objc; path = VideoInfoNumberTableViewCell.m; sourceTree = "<group>"; };
		89154B8A1D6EDC660039E551 /* VideoInfoButtonTableViewCell.h */ = {isa = PBXFileReference; fileEncoding = 4; lastKnownFileType = sourcecode.c.h; path = VideoInfoButtonTableViewCell.h; sourceTree = "<group>"; };
		89154B8B1D6EDC660039E551 /* VideoInfoButtonTableViewCell.m */ = {isa = PBXFileReference; fileEncoding = 4; lastKnownFileType = sourcecode.c.objc; path = VideoInfoButtonTableViewCell.m; sourceTree = "<group>"; };
		89154B8D1D6EE4F40039E551 /* VideoInfoEpisodeTableViewCell.h */ = {isa = PBXFileReference; fileEncoding = 4; lastKnownFileType = sourcecode.c.h; path = VideoInfoEpisodeTableViewCell.h; sourceTree = "<group>"; };
		89154B8E1D6EE4F40039E551 /* VideoInfoEpisodeTableViewCell.m */ = {isa = PBXFileReference; fileEncoding = 4; lastKnownFileType = sourcecode.c.objc; path = VideoInfoEpisodeTableViewCell.m; sourceTree = "<group>"; };
		89154B901D6EE7050039E551 /* VideoInfoEpisodeCollectionViewCell.h */ = {isa = PBXFileReference; fileEncoding = 4; lastKnownFileType = sourcecode.c.h; path = VideoInfoEpisodeCollectionViewCell.h; sourceTree = "<group>"; };
		89154B911D6EE7050039E551 /* VideoInfoEpisodeCollectionViewCell.m */ = {isa = PBXFileReference; fileEncoding = 4; lastKnownFileType = sourcecode.c.objc; path = VideoInfoEpisodeCollectionViewCell.m; sourceTree = "<group>"; };
		89154B931D6EEEBF0039E551 /* VideoInfoUserTableViewCell.h */ = {isa = PBXFileReference; fileEncoding = 4; lastKnownFileType = sourcecode.c.h; path = VideoInfoUserTableViewCell.h; sourceTree = "<group>"; };
		89154B941D6EEEBF0039E551 /* VideoInfoUserTableViewCell.m */ = {isa = PBXFileReference; fileEncoding = 4; lastKnownFileType = sourcecode.c.objc; path = VideoInfoUserTableViewCell.m; sourceTree = "<group>"; };
		8930E98B1D6BFEBF003C1B44 /* TucaoForiOS.app */ = {isa = PBXFileReference; explicitFileType = wrapper.application; includeInIndex = 0; path = TucaoForiOS.app; sourceTree = BUILT_PRODUCTS_DIR; };
		8930E98F1D6BFEBF003C1B44 /* main.m */ = {isa = PBXFileReference; lastKnownFileType = sourcecode.c.objc; path = main.m; sourceTree = "<group>"; };
		8930E9911D6BFEBF003C1B44 /* AppDelegate.h */ = {isa = PBXFileReference; lastKnownFileType = sourcecode.c.h; path = AppDelegate.h; sourceTree = "<group>"; };
		8930E9921D6BFEBF003C1B44 /* AppDelegate.m */ = {isa = PBXFileReference; lastKnownFileType = sourcecode.c.objc; path = AppDelegate.m; sourceTree = "<group>"; };
		8930E99F1D6BFEBF003C1B44 /* Info.plist */ = {isa = PBXFileReference; lastKnownFileType = text.plist.xml; name = Info.plist; path = ../Info.plist; sourceTree = "<group>"; };
		8930E9AA1D6C0133003C1B44 /* MainViewController.h */ = {isa = PBXFileReference; fileEncoding = 4; lastKnownFileType = sourcecode.c.h; path = MainViewController.h; sourceTree = "<group>"; };
		8930E9AB1D6C0133003C1B44 /* MainViewController.m */ = {isa = PBXFileReference; fileEncoding = 4; lastKnownFileType = sourcecode.c.objc; path = MainViewController.m; sourceTree = "<group>"; };
		8930E9AE1D6C02F4003C1B44 /* HomePageViewController.h */ = {isa = PBXFileReference; fileEncoding = 4; lastKnownFileType = sourcecode.c.h; path = HomePageViewController.h; sourceTree = "<group>"; };
		8930E9AF1D6C02F4003C1B44 /* HomePageViewController.m */ = {isa = PBXFileReference; fileEncoding = 4; lastKnownFileType = sourcecode.c.objc; path = HomePageViewController.m; sourceTree = "<group>"; };
		8930E9B21D6C0318003C1B44 /* AnimationViewController.h */ = {isa = PBXFileReference; fileEncoding = 4; lastKnownFileType = sourcecode.c.h; path = AnimationViewController.h; sourceTree = "<group>"; };
		8930E9B31D6C0318003C1B44 /* AnimationViewController.m */ = {isa = PBXFileReference; fileEncoding = 4; lastKnownFileType = sourcecode.c.objc; path = AnimationViewController.m; sourceTree = "<group>"; };
		8930E9B61D6C032D003C1B44 /* MusicViewController.h */ = {isa = PBXFileReference; fileEncoding = 4; lastKnownFileType = sourcecode.c.h; path = MusicViewController.h; sourceTree = "<group>"; };
		8930E9B71D6C032D003C1B44 /* MusicViewController.m */ = {isa = PBXFileReference; fileEncoding = 4; lastKnownFileType = sourcecode.c.objc; path = MusicViewController.m; sourceTree = "<group>"; };
		8930E9BA1D6C0340003C1B44 /* GameViewController.h */ = {isa = PBXFileReference; fileEncoding = 4; lastKnownFileType = sourcecode.c.h; path = GameViewController.h; sourceTree = "<group>"; };
		8930E9BB1D6C0340003C1B44 /* GameViewController.m */ = {isa = PBXFileReference; fileEncoding = 4; lastKnownFileType = sourcecode.c.objc; path = GameViewController.m; sourceTree = "<group>"; };
		8930E9BE1D6C0372003C1B44 /* ThreeDViewController.h */ = {isa = PBXFileReference; fileEncoding = 4; lastKnownFileType = sourcecode.c.h; path = ThreeDViewController.h; sourceTree = "<group>"; };
		8930E9BF1D6C0372003C1B44 /* ThreeDViewController.m */ = {isa = PBXFileReference; fileEncoding = 4; lastKnownFileType = sourcecode.c.objc; path = ThreeDViewController.m; sourceTree = "<group>"; };
		8930E9C11D6C0381003C1B44 /* MovieViewController.h */ = {isa = PBXFileReference; fileEncoding = 4; lastKnownFileType = sourcecode.c.h; path = MovieViewController.h; sourceTree = "<group>"; };
		8930E9C21D6C0381003C1B44 /* MovieViewController.m */ = {isa = PBXFileReference; fileEncoding = 4; lastKnownFileType = sourcecode.c.objc; path = MovieViewController.m; sourceTree = "<group>"; };
		8930E9C61D6C03A5003C1B44 /* BangumiViewController.h */ = {isa = PBXFileReference; fileEncoding = 4; lastKnownFileType = sourcecode.c.h; path = BangumiViewController.h; sourceTree = "<group>"; };
		8930E9C71D6C03A5003C1B44 /* BangumiViewController.m */ = {isa = PBXFileReference; fileEncoding = 4; lastKnownFileType = sourcecode.c.objc; path = BangumiViewController.m; sourceTree = "<group>"; };
		8930E9CA1D6C060C003C1B44 /* SectionViewController.h */ = {isa = PBXFileReference; fileEncoding = 4; lastKnownFileType = sourcecode.c.h; path = SectionViewController.h; sourceTree = "<group>"; };
		8930E9CB1D6C060C003C1B44 /* SectionViewController.m */ = {isa = PBXFileReference; fileEncoding = 4; lastKnownFileType = sourcecode.c.objc; path = SectionViewController.m; sourceTree = "<group>"; };
		8930E9D01D6C206D003C1B44 /* MineViewController.h */ = {isa = PBXFileReference; fileEncoding = 4; lastKnownFileType = sourcecode.c.h; path = MineViewController.h; sourceTree = "<group>"; };
		8930E9D11D6C206D003C1B44 /* MineViewController.m */ = {isa = PBXFileReference; fileEncoding = 4; lastKnownFileType = sourcecode.c.objc; path = MineViewController.m; sourceTree = "<group>"; };
		8930E9D31D6C23E7003C1B44 /* AppConfig.h */ = {isa = PBXFileReference; lastKnownFileType = sourcecode.c.h; path = AppConfig.h; sourceTree = "<group>"; };
		8930E9D41D6C2434003C1B44 /* PrefixHeader.pch */ = {isa = PBXFileReference; lastKnownFileType = sourcecode.c.h; path = PrefixHeader.pch; sourceTree = "<group>"; };
		8930E9D51D6C2649003C1B44 /* BaseViewController.h */ = {isa = PBXFileReference; fileEncoding = 4; lastKnownFileType = sourcecode.c.h; path = BaseViewController.h; sourceTree = "<group>"; };
		8930E9D61D6C2649003C1B44 /* BaseViewController.m */ = {isa = PBXFileReference; fileEncoding = 4; lastKnownFileType = sourcecode.c.objc; path = BaseViewController.m; sourceTree = "<group>"; };
		8930E9D81D6C2E5B003C1B44 /* BaseNetManager.h */ = {isa = PBXFileReference; fileEncoding = 4; lastKnownFileType = sourcecode.c.h; path = BaseNetManager.h; sourceTree = "<group>"; };
		8930E9D91D6C2E5B003C1B44 /* BaseNetManager.m */ = {isa = PBXFileReference; fileEncoding = 4; lastKnownFileType = sourcecode.c.objc; path = BaseNetManager.m; sourceTree = "<group>"; };
		8930E9DC1D6C2E88003C1B44 /* AFHTTPDataResponseSerializer.h */ = {isa = PBXFileReference; fileEncoding = 4; lastKnownFileType = sourcecode.c.h; path = AFHTTPDataResponseSerializer.h; sourceTree = "<group>"; };
		8930E9DD1D6C2E88003C1B44 /* AFHTTPDataResponseSerializer.m */ = {isa = PBXFileReference; fileEncoding = 4; lastKnownFileType = sourcecode.c.objc; path = AFHTTPDataResponseSerializer.m; sourceTree = "<group>"; };
		8930E9DF1D6C2EA8003C1B44 /* TucaoErrorModel.h */ = {isa = PBXFileReference; fileEncoding = 4; lastKnownFileType = sourcecode.c.h; path = TucaoErrorModel.h; sourceTree = "<group>"; };
		8930E9E01D6C2EA8003C1B44 /* TucaoErrorModel.m */ = {isa = PBXFileReference; fileEncoding = 4; lastKnownFileType = sourcecode.c.objc; path = TucaoErrorModel.m; sourceTree = "<group>"; };
		8930E9E21D6C3016003C1B44 /* HomePageNetManager.h */ = {isa = PBXFileReference; fileEncoding = 4; lastKnownFileType = sourcecode.c.h; path = HomePageNetManager.h; sourceTree = "<group>"; };
		8930E9E31D6C3016003C1B44 /* HomePageNetManager.m */ = {isa = PBXFileReference; fileEncoding = 4; lastKnownFileType = sourcecode.c.objc; path = HomePageNetManager.m; sourceTree = "<group>"; };
		8930E9E51D6C32A3003C1B44 /* VideoCollectionModel.h */ = {isa = PBXFileReference; fileEncoding = 4; lastKnownFileType = sourcecode.c.h; path = VideoCollectionModel.h; sourceTree = "<group>"; };
		8930E9E61D6C32A3003C1B44 /* VideoCollectionModel.m */ = {isa = PBXFileReference; fileEncoding = 4; lastKnownFileType = sourcecode.c.objc; path = VideoCollectionModel.m; sourceTree = "<group>"; };
		8930E9E81D6C32B1003C1B44 /* BaseModel.h */ = {isa = PBXFileReference; fileEncoding = 4; lastKnownFileType = sourcecode.c.h; path = BaseModel.h; sourceTree = "<group>"; };
		8930E9E91D6C32B1003C1B44 /* BaseModel.m */ = {isa = PBXFileReference; fileEncoding = 4; lastKnownFileType = sourcecode.c.objc; path = BaseModel.m; sourceTree = "<group>"; };
		8930E9EF1D6C5B63003C1B44 /* HomePageSectionTableViewCell.h */ = {isa = PBXFileReference; fileEncoding = 4; lastKnownFileType = sourcecode.c.h; path = HomePageSectionTableViewCell.h; sourceTree = "<group>"; };
		8930E9F01D6C5B63003C1B44 /* HomePageSectionTableViewCell.m */ = {isa = PBXFileReference; fileEncoding = 4; lastKnownFileType = sourcecode.c.objc; path = HomePageSectionTableViewCell.m; sourceTree = "<group>"; };
		893982631D882BD600E88C14 /* SearchHistoryListView.h */ = {isa = PBXFileReference; fileEncoding = 4; lastKnownFileType = sourcecode.c.h; path = SearchHistoryListView.h; sourceTree = "<group>"; };
		893982641D882BD600E88C14 /* SearchHistoryListView.m */ = {isa = PBXFileReference; fileEncoding = 4; lastKnownFileType = sourcecode.c.objc; path = SearchHistoryListView.m; sourceTree = "<group>"; };
		893982661D88338B00E88C14 /* SearchHistoryClearAllTableViewCell.h */ = {isa = PBXFileReference; fileEncoding = 4; lastKnownFileType = sourcecode.c.h; path = SearchHistoryClearAllTableViewCell.h; sourceTree = "<group>"; };
		893982671D88338B00E88C14 /* SearchHistoryClearAllTableViewCell.m */ = {isa = PBXFileReference; fileEncoding = 4; lastKnownFileType = sourcecode.c.objc; path = SearchHistoryClearAllTableViewCell.m; sourceTree = "<group>"; };
		8939826A1D884AB500E88C14 /* VideoListProtocol.h */ = {isa = PBXFileReference; fileEncoding = 4; lastKnownFileType = sourcecode.c.h; path = VideoListProtocol.h; sourceTree = "<group>"; };
		8939826B1D884C1300E88C14 /* BaseViewModel.h */ = {isa = PBXFileReference; fileEncoding = 4; lastKnownFileType = sourcecode.c.h; path = BaseViewModel.h; sourceTree = "<group>"; };
		8939826C1D884C1300E88C14 /* BaseViewModel.m */ = {isa = PBXFileReference; fileEncoding = 4; lastKnownFileType = sourcecode.c.objc; path = BaseViewModel.m; sourceTree = "<group>"; };
		8939826E1D884C2500E88C14 /* SectionViewModel.h */ = {isa = PBXFileReference; fileEncoding = 4; lastKnownFileType = sourcecode.c.h; path = SectionViewModel.h; sourceTree = "<group>"; };
		8939826F1D884C2500E88C14 /* SectionViewModel.m */ = {isa = PBXFileReference; fileEncoding = 4; lastKnownFileType = sourcecode.c.objc; path = SectionViewModel.m; sourceTree = "<group>"; };
		893982711D884E8500E88C14 /* BaseVideoListViewController.h */ = {isa = PBXFileReference; fileEncoding = 4; lastKnownFileType = sourcecode.c.h; path = BaseVideoListViewController.h; sourceTree = "<group>"; };
		893982721D884E8500E88C14 /* BaseVideoListViewController.m */ = {isa = PBXFileReference; fileEncoding = 4; lastKnownFileType = sourcecode.c.objc; path = BaseVideoListViewController.m; sourceTree = "<group>"; };
		893982741D8851F200E88C14 /* SearchViewModel.h */ = {isa = PBXFileReference; fileEncoding = 4; lastKnownFileType = sourcecode.c.h; path = SearchViewModel.h; sourceTree = "<group>"; };
		893982751D8851F200E88C14 /* SearchViewModel.m */ = {isa = PBXFileReference; fileEncoding = 4; lastKnownFileType = sourcecode.c.objc; path = SearchViewModel.m; sourceTree = "<group>"; };
		893982771D8852F500E88C14 /* SearchNetManager.h */ = {isa = PBXFileReference; fileEncoding = 4; lastKnownFileType = sourcecode.c.h; path = SearchNetManager.h; sourceTree = "<group>"; };
		893982781D8852F500E88C14 /* SearchNetManager.m */ = {isa = PBXFileReference; fileEncoding = 4; lastKnownFileType = sourcecode.c.objc; path = SearchNetManager.m; sourceTree = "<group>"; };
		8939827A1D88552B00E88C14 /* SearchListViewController.h */ = {isa = PBXFileReference; fileEncoding = 4; lastKnownFileType = sourcecode.c.h; path = SearchListViewController.h; sourceTree = "<group>"; };
		8939827B1D88552B00E88C14 /* SearchListViewController.m */ = {isa = PBXFileReference; fileEncoding = 4; lastKnownFileType = sourcecode.c.objc; path = SearchListViewController.m; sourceTree = "<group>"; };
		893E1699DDDFE43A3E508912 /* libPods-TucaoForiOS.a */ = {isa = PBXFileReference; explicitFileType = archive.ar; includeInIndex = 0; path = "libPods-TucaoForiOS.a"; sourceTree = BUILT_PRODUCTS_DIR; };
		899D0FC31D7134B50073964D /* VideoInfoViewController.h */ = {isa = PBXFileReference; fileEncoding = 4; lastKnownFileType = sourcecode.c.h; path = VideoInfoViewController.h; sourceTree = "<group>"; };
		899D0FC41D7134B50073964D /* VideoInfoViewController.m */ = {isa = PBXFileReference; fileEncoding = 4; lastKnownFileType = sourcecode.c.objc; path = VideoInfoViewController.m; sourceTree = "<group>"; };
		899D0FE91D7143AB0073964D /* VideoInfoTextTableViewCell.h */ = {isa = PBXFileReference; fileEncoding = 4; lastKnownFileType = sourcecode.c.h; path = VideoInfoTextTableViewCell.h; sourceTree = "<group>"; };
		899D0FEA1D7143AB0073964D /* VideoInfoTextTableViewCell.m */ = {isa = PBXFileReference; fileEncoding = 4; lastKnownFileType = sourcecode.c.objc; path = VideoInfoTextTableViewCell.m; sourceTree = "<group>"; };
		89C25BFB1D86EAD7008E85F8 /* SectionCollectionViewCell.h */ = {isa = PBXFileReference; fileEncoding = 4; lastKnownFileType = sourcecode.c.h; path = SectionCollectionViewCell.h; sourceTree = "<group>"; };
		89C25BFC1D86EAD7008E85F8 /* SectionCollectionViewCell.m */ = {isa = PBXFileReference; fileEncoding = 4; lastKnownFileType = sourcecode.c.objc; path = SectionCollectionViewCell.m; sourceTree = "<group>"; };
		89C760FD1D6C804000635384 /* Assets.xcassets */ = {isa = PBXFileReference; lastKnownFileType = folder.assetcatalog; name = Assets.xcassets; path = TucaoForiOS/Assets.xcassets; sourceTree = SOURCE_ROOT; };
		89C761001D6C804600635384 /* Base */ = {isa = PBXFileReference; lastKnownFileType = file.storyboard; name = Base; path = TucaoForiOS/Base.lproj/LaunchScreen.storyboard; sourceTree = SOURCE_ROOT; };
		89C761021D6C80F900635384 /* HomePageSectionCollectionViewCell.h */ = {isa = PBXFileReference; fileEncoding = 4; lastKnownFileType = sourcecode.c.h; path = HomePageSectionCollectionViewCell.h; sourceTree = "<group>"; };
		89C761031D6C80F900635384 /* HomePageSectionCollectionViewCell.m */ = {isa = PBXFileReference; fileEncoding = 4; lastKnownFileType = sourcecode.c.objc; path = HomePageSectionCollectionViewCell.m; sourceTree = "<group>"; };
		89C761061D6C84C200635384 /* NSString+Tools.h */ = {isa = PBXFileReference; fileEncoding = 4; lastKnownFileType = sourcecode.c.h; name = "NSString+Tools.h"; path = "TucaoForiOS/Tools/NSString+Tools.h"; sourceTree = SOURCE_ROOT; };
		89C761071D6C84C200635384 /* NSString+Tools.m */ = {isa = PBXFileReference; fileEncoding = 4; lastKnownFileType = sourcecode.c.objc; name = "NSString+Tools.m"; path = "TucaoForiOS/Tools/NSString+Tools.m"; sourceTree = SOURCE_ROOT; };
		89CA5D011D785CF2003C56BE /* SectionTableViewCell.h */ = {isa = PBXFileReference; fileEncoding = 4; lastKnownFileType = sourcecode.c.h; path = SectionTableViewCell.h; sourceTree = "<group>"; };
		89CA5D021D785CF2003C56BE /* SectionTableViewCell.m */ = {isa = PBXFileReference; fileEncoding = 4; lastKnownFileType = sourcecode.c.objc; path = SectionTableViewCell.m; sourceTree = "<group>"; };
		89CA5D041D78642F003C56BE /* BasePageViewController.h */ = {isa = PBXFileReference; fileEncoding = 4; lastKnownFileType = sourcecode.c.h; path = BasePageViewController.h; sourceTree = "<group>"; };
		89CA5D051D78642F003C56BE /* BasePageViewController.m */ = {isa = PBXFileReference; fileEncoding = 4; lastKnownFileType = sourcecode.c.objc; path = BasePageViewController.m; sourceTree = "<group>"; };
		89CA5D071D7865B4003C56BE /* BaseSectionViewController.h */ = {isa = PBXFileReference; fileEncoding = 4; lastKnownFileType = sourcecode.c.h; path = BaseSectionViewController.h; sourceTree = "<group>"; };
		89CA5D081D7865B4003C56BE /* BaseSectionViewController.m */ = {isa = PBXFileReference; fileEncoding = 4; lastKnownFileType = sourcecode.c.objc; path = BaseSectionViewController.m; sourceTree = "<group>"; };
		89CA5D0B1D786746003C56BE /* SectionNetManager.h */ = {isa = PBXFileReference; fileEncoding = 4; lastKnownFileType = sourcecode.c.h; path = SectionNetManager.h; sourceTree = "<group>"; };
		89CA5D0C1D786746003C56BE /* SectionNetManager.m */ = {isa = PBXFileReference; fileEncoding = 4; lastKnownFileType = sourcecode.c.objc; path = SectionNetManager.m; sourceTree = "<group>"; };
		89CA5D0E1D788A2A003C56BE /* section_map.plist */ = {isa = PBXFileReference; fileEncoding = 4; lastKnownFileType = text.plist.xml; name = section_map.plist; path = TucaoForiOS/NetManager/section_map.plist; sourceTree = SOURCE_ROOT; };
		89D3C1381D6D3A640064FA67 /* MJRefreshNormalHeader+DefaultRefreshStyle.h */ = {isa = PBXFileReference; fileEncoding = 4; lastKnownFileType = sourcecode.c.h; path = "MJRefreshNormalHeader+DefaultRefreshStyle.h"; sourceTree = "<group>"; };
		89D3C1391D6D3A640064FA67 /* MJRefreshNormalHeader+DefaultRefreshStyle.m */ = {isa = PBXFileReference; fileEncoding = 4; lastKnownFileType = sourcecode.c.objc; path = "MJRefreshNormalHeader+DefaultRefreshStyle.m"; sourceTree = "<group>"; };
		89D3C13B1D6D876B0064FA67 /* HomePageSectionHeaderFooterView.h */ = {isa = PBXFileReference; fileEncoding = 4; lastKnownFileType = sourcecode.c.h; path = HomePageSectionHeaderFooterView.h; sourceTree = "<group>"; };
		89D3C13C1D6D876B0064FA67 /* HomePageSectionHeaderFooterView.m */ = {isa = PBXFileReference; fileEncoding = 4; lastKnownFileType = sourcecode.c.objc; path = HomePageSectionHeaderFooterView.m; sourceTree = "<group>"; };
		89D3C13E1D6D99390064FA67 /* VideoNetManager.h */ = {isa = PBXFileReference; fileEncoding = 4; lastKnownFileType = sourcecode.c.h; path = VideoNetManager.h; sourceTree = "<group>"; };
		89D3C13F1D6D99390064FA67 /* VideoNetManager.m */ = {isa = PBXFileReference; fileEncoding = 4; lastKnownFileType = sourcecode.c.objc; path = VideoNetManager.m; sourceTree = "<group>"; };
		89D3C1411D6DA2E60064FA67 /* DanmakuNetManager.h */ = {isa = PBXFileReference; fileEncoding = 4; lastKnownFileType = sourcecode.c.h; path = DanmakuNetManager.h; sourceTree = "<group>"; };
		89D3C1421D6DA2E60064FA67 /* DanmakuNetManager.m */ = {isa = PBXFileReference; fileEncoding = 4; lastKnownFileType = sourcecode.c.objc; path = DanmakuNetManager.m; sourceTree = "<group>"; };
		89D3C1441D6DA3130064FA67 /* DanmakuModel.h */ = {isa = PBXFileReference; fileEncoding = 4; lastKnownFileType = sourcecode.c.h; path = DanmakuModel.h; sourceTree = "<group>"; };
		89D3C1451D6DA3130064FA67 /* DanmakuModel.m */ = {isa = PBXFileReference; fileEncoding = 4; lastKnownFileType = sourcecode.c.objc; path = DanmakuModel.m; sourceTree = "<group>"; };
		89D3C1471D6DA41D0064FA67 /* DanmakuDataFormatter.h */ = {isa = PBXFileReference; fileEncoding = 4; lastKnownFileType = sourcecode.c.h; path = DanmakuDataFormatter.h; sourceTree = "<group>"; };
		89D3C1481D6DA41D0064FA67 /* DanmakuDataFormatter.m */ = {isa = PBXFileReference; fileEncoding = 4; lastKnownFileType = sourcecode.c.objc; path = DanmakuDataFormatter.m; sourceTree = "<group>"; };
		89D3C14A1D6DA5140064FA67 /* JHDanmakuEngine+Tools.h */ = {isa = PBXFileReference; fileEncoding = 4; lastKnownFileType = sourcecode.c.h; path = "JHDanmakuEngine+Tools.h"; sourceTree = "<group>"; };
		89D3C14B1D6DA5140064FA67 /* JHDanmakuEngine+Tools.m */ = {isa = PBXFileReference; fileEncoding = 4; lastKnownFileType = sourcecode.c.objc; path = "JHDanmakuEngine+Tools.m"; sourceTree = "<group>"; };
		89E574C11D772D6900415F97 /* MJRefreshAutoNormalFooter+DefaultRefreshStyle.h */ = {isa = PBXFileReference; fileEncoding = 4; lastKnownFileType = sourcecode.c.h; name = "MJRefreshAutoNormalFooter+DefaultRefreshStyle.h"; path = "TucaoForiOS/Tools/MJRefreshAutoNormalFooter+DefaultRefreshStyle.h"; sourceTree = SOURCE_ROOT; };
		89E574C21D772D6900415F97 /* MJRefreshAutoNormalFooter+DefaultRefreshStyle.m */ = {isa = PBXFileReference; fileEncoding = 4; lastKnownFileType = sourcecode.c.objc; name = "MJRefreshAutoNormalFooter+DefaultRefreshStyle.m"; path = "TucaoForiOS/Tools/MJRefreshAutoNormalFooter+DefaultRefreshStyle.m"; sourceTree = SOURCE_ROOT; };
		89EE83CE1D6EF5AD006A85AD /* WebViewController.h */ = {isa = PBXFileReference; fileEncoding = 4; lastKnownFileType = sourcecode.c.h; path = WebViewController.h; sourceTree = "<group>"; };
		89EE83CF1D6EF5AD006A85AD /* WebViewController.m */ = {isa = PBXFileReference; fileEncoding = 4; lastKnownFileType = sourcecode.c.objc; path = WebViewController.m; sourceTree = "<group>"; };
		89EE83D11D6EF816006A85AD /* UserInfoWebViewController.h */ = {isa = PBXFileReference; fileEncoding = 4; lastKnownFileType = sourcecode.c.h; path = UserInfoWebViewController.h; sourceTree = "<group>"; };
		89EE83D21D6EF816006A85AD /* UserInfoWebViewController.m */ = {isa = PBXFileReference; fileEncoding = 4; lastKnownFileType = sourcecode.c.objc; path = UserInfoWebViewController.m; sourceTree = "<group>"; };
		89F959E31D72EC8E0024D67D /* VideoInfoBriefView.h */ = {isa = PBXFileReference; fileEncoding = 4; lastKnownFileType = sourcecode.c.h; path = VideoInfoBriefView.h; sourceTree = "<group>"; };
		89F959E41D72EC8E0024D67D /* VideoInfoBriefView.m */ = {isa = PBXFileReference; fileEncoding = 4; lastKnownFileType = sourcecode.c.objc; path = VideoInfoBriefView.m; sourceTree = "<group>"; };
		F77412BFF43BE10877EBD114 /* Pods-TucaoForiOS.release.xcconfig */ = {isa = PBXFileReference; includeInIndex = 1; lastKnownFileType = text.xcconfig; name = "Pods-TucaoForiOS.release.xcconfig"; path = "Pods/Target Support Files/Pods-TucaoForiOS/Pods-TucaoForiOS.release.xcconfig"; sourceTree = "<group>"; };
/* End PBXFileReference section */

/* Begin PBXFrameworksBuildPhase section */
		8930E9881D6BFEBF003C1B44 /* Frameworks */ = {
			isa = PBXFrameworksBuildPhase;
			buildActionMask = 2147483647;
			files = (
				82679C4FCDA9936D98E0B03A /* libPods-TucaoForiOS.a in Frameworks */,
			);
			runOnlyForDeploymentPostprocessing = 0;
		};
/* End PBXFrameworksBuildPhase section */

/* Begin PBXGroup section */
		5138A53264CA1513BA0EE30E /* Frameworks */ = {
			isa = PBXGroup;
			children = (
				893E1699DDDFE43A3E508912 /* libPods-TucaoForiOS.a */,
			);
			name = Frameworks;
			sourceTree = "<group>";
		};
		818DDE781D87F4C200B22A59 /* View */ = {
			isa = PBXGroup;
			children = (
				818DDE7C1D87F7AD00B22A59 /* MineCenterTableViewCell.h */,
				818DDE7D1D87F7AD00B22A59 /* MineCenterTableViewCell.m */,
				893982631D882BD600E88C14 /* SearchHistoryListView.h */,
				893982641D882BD600E88C14 /* SearchHistoryListView.m */,
				893982661D88338B00E88C14 /* SearchHistoryClearAllTableViewCell.h */,
				893982671D88338B00E88C14 /* SearchHistoryClearAllTableViewCell.m */,
			);
			name = View;
			sourceTree = "<group>";
		};
		8905B6A01D79D5E70008D25B /* 视频UI */ = {
			isa = PBXGroup;
			children = (
				8905B69D1D79D5770008D25B /* PlayerView.h */,
				8905B69E1D79D5770008D25B /* PlayerView.m */,
				8905B6A21D79D6210008D25B /* PlayerUIView.h */,
				8905B6A31D79D6210008D25B /* PlayerUIView.m */,
			);
			name = "视频UI";
			sourceTree = "<group>";
		};
		89154B7E1D6E80020039E551 /* 视频详情 */ = {
			isa = PBXGroup;
			children = (
				89154B821D6E85CE0039E551 /* View */,
				899D0FC31D7134B50073964D /* VideoInfoViewController.h */,
				899D0FC41D7134B50073964D /* VideoInfoViewController.m */,
				89EE83D11D6EF816006A85AD /* UserInfoWebViewController.h */,
				89EE83D21D6EF816006A85AD /* UserInfoWebViewController.m */,
			);
			name = "视频详情";
			sourceTree = "<group>";
		};
		89154B821D6E85CE0039E551 /* View */ = {
			isa = PBXGroup;
			children = (
				8905B6A01D79D5E70008D25B /* 视频UI */,
				89154B861D6E8C230039E551 /* VideoInfoNumberTableViewCell.h */,
				89154B871D6E8C230039E551 /* VideoInfoNumberTableViewCell.m */,
				89154B8A1D6EDC660039E551 /* VideoInfoButtonTableViewCell.h */,
				89154B8B1D6EDC660039E551 /* VideoInfoButtonTableViewCell.m */,
				89154B8D1D6EE4F40039E551 /* VideoInfoEpisodeTableViewCell.h */,
				89154B8E1D6EE4F40039E551 /* VideoInfoEpisodeTableViewCell.m */,
				89154B901D6EE7050039E551 /* VideoInfoEpisodeCollectionViewCell.h */,
				89154B911D6EE7050039E551 /* VideoInfoEpisodeCollectionViewCell.m */,
				899D0FE91D7143AB0073964D /* VideoInfoTextTableViewCell.h */,
				899D0FEA1D7143AB0073964D /* VideoInfoTextTableViewCell.m */,
				89154B931D6EEEBF0039E551 /* VideoInfoUserTableViewCell.h */,
				89154B941D6EEEBF0039E551 /* VideoInfoUserTableViewCell.m */,
				89F959E31D72EC8E0024D67D /* VideoInfoBriefView.h */,
				89F959E41D72EC8E0024D67D /* VideoInfoBriefView.m */,
				811C707A1D9A075500610BFA /* HeadHitDisableTableView.h */,
				811C707B1D9A075500610BFA /* HeadHitDisableTableView.m */,
			);
			name = View;
			sourceTree = "<group>";
		};
		8930E9821D6BFEBF003C1B44 = {
			isa = PBXGroup;
			children = (
				8930E98D1D6BFEBF003C1B44 /* TucaoForiOS */,
				8930E98C1D6BFEBF003C1B44 /* Products */,
				C6E73EAB12B5F5BE69E32E52 /* Pods */,
				5138A53264CA1513BA0EE30E /* Frameworks */,
			);
			sourceTree = "<group>";
		};
		8930E98C1D6BFEBF003C1B44 /* Products */ = {
			isa = PBXGroup;
			children = (
				8930E98B1D6BFEBF003C1B44 /* TucaoForiOS.app */,
			);
			name = Products;
			sourceTree = "<group>";
		};
		8930E98D1D6BFEBF003C1B44 /* TucaoForiOS */ = {
			isa = PBXGroup;
			children = (
				8930E9911D6BFEBF003C1B44 /* AppDelegate.h */,
				8930E9921D6BFEBF003C1B44 /* AppDelegate.m */,
				89C760FC1D6C803600635384 /* Resource */,
				8930E9DB1D6C2E83003C1B44 /* Tools */,
				8930E9A51D6BFF27003C1B44 /* Config */,
				8930E9A61D6BFF27003C1B44 /* Model */,
				8930E9A71D6BFF27003C1B44 /* NetManager */,
				893982691D884A7A00E88C14 /* ViewModel */,
				8930E9A91D6BFF27003C1B44 /* ViewController */,
				8930E98E1D6BFEBF003C1B44 /* Supporting Files */,
			);
			path = TucaoForiOS;
			sourceTree = "<group>";
		};
		8930E98E1D6BFEBF003C1B44 /* Supporting Files */ = {
			isa = PBXGroup;
			children = (
				8930E98F1D6BFEBF003C1B44 /* main.m */,
			);
			name = "Supporting Files";
			sourceTree = "<group>";
		};
		8930E9A51D6BFF27003C1B44 /* Config */ = {
			isa = PBXGroup;
			children = (
				8930E99F1D6BFEBF003C1B44 /* Info.plist */,
				8930E9D31D6C23E7003C1B44 /* AppConfig.h */,
				8930E9D41D6C2434003C1B44 /* PrefixHeader.pch */,
			);
			path = Config;
			sourceTree = "<group>";
		};
		8930E9A61D6BFF27003C1B44 /* Model */ = {
			isa = PBXGroup;
			children = (
				8930E9DF1D6C2EA8003C1B44 /* TucaoErrorModel.h */,
				8930E9E01D6C2EA8003C1B44 /* TucaoErrorModel.m */,
				8930E9E81D6C32B1003C1B44 /* BaseModel.h */,
				8930E9E91D6C32B1003C1B44 /* BaseModel.m */,
				8930E9E51D6C32A3003C1B44 /* VideoCollectionModel.h */,
				8930E9E61D6C32A3003C1B44 /* VideoCollectionModel.m */,
				89D3C1441D6DA3130064FA67 /* DanmakuModel.h */,
				89D3C1451D6DA3130064FA67 /* DanmakuModel.m */,
			);
			path = Model;
			sourceTree = "<group>";
		};
		8930E9A71D6BFF27003C1B44 /* NetManager */ = {
			isa = PBXGroup;
			children = (
				8930E9D81D6C2E5B003C1B44 /* BaseNetManager.h */,
				8930E9D91D6C2E5B003C1B44 /* BaseNetManager.m */,
				8930E9E21D6C3016003C1B44 /* HomePageNetManager.h */,
				8930E9E31D6C3016003C1B44 /* HomePageNetManager.m */,
				89CA5D0B1D786746003C56BE /* SectionNetManager.h */,
				89CA5D0C1D786746003C56BE /* SectionNetManager.m */,
				89D3C13E1D6D99390064FA67 /* VideoNetManager.h */,
				89D3C13F1D6D99390064FA67 /* VideoNetManager.m */,
				893982771D8852F500E88C14 /* SearchNetManager.h */,
				893982781D8852F500E88C14 /* SearchNetManager.m */,
				89D3C1411D6DA2E60064FA67 /* DanmakuNetManager.h */,
				89D3C1421D6DA2E60064FA67 /* DanmakuNetManager.m */,
			);
			path = NetManager;
			sourceTree = "<group>";
		};
		8930E9A91D6BFF27003C1B44 /* ViewController */ = {
			isa = PBXGroup;
			children = (
				89CA5D0A1D7865E8003C56BE /* View */,
				8930E9D51D6C2649003C1B44 /* BaseViewController.h */,
				8930E9D61D6C2649003C1B44 /* BaseViewController.m */,
				89CA5D041D78642F003C56BE /* BasePageViewController.h */,
				89CA5D051D78642F003C56BE /* BasePageViewController.m */,
				89CA5D071D7865B4003C56BE /* BaseSectionViewController.h */,
				89CA5D081D7865B4003C56BE /* BaseSectionViewController.m */,
				893982711D884E8500E88C14 /* BaseVideoListViewController.h */,
				893982721D884E8500E88C14 /* BaseVideoListViewController.m */,
				89EE83CE1D6EF5AD006A85AD /* WebViewController.h */,
				89EE83CF1D6EF5AD006A85AD /* WebViewController.m */,
				89154B7E1D6E80020039E551 /* 视频详情 */,
				8930E9CF1D6C205D003C1B44 /* 我的 */,
				8930E9C91D6C0600003C1B44 /* 分区 */,
				8930E9C51D6C0394003C1B44 /* 新番 */,
				8930E9C41D6C0385003C1B44 /* 影剧 */,
				8930E9BD1D6C0349003C1B44 /* 三次元 */,
				8930E9B91D6C0330003C1B44 /* 游戏 */,
				8930E9B51D6C031C003C1B44 /* 音乐 */,
				8930E9B11D6C02F8003C1B44 /* 动画 */,
				8930E9AD1D6C02E4003C1B44 /* 首页 */,
				8930E9AA1D6C0133003C1B44 /* MainViewController.h */,
				8930E9AB1D6C0133003C1B44 /* MainViewController.m */,
			);
			path = ViewController;
			sourceTree = "<group>";
		};
		8930E9AD1D6C02E4003C1B44 /* 首页 */ = {
			isa = PBXGroup;
			children = (
				8930E9EE1D6C5354003C1B44 /* View */,
				8930E9AE1D6C02F4003C1B44 /* HomePageViewController.h */,
				8930E9AF1D6C02F4003C1B44 /* HomePageViewController.m */,
			);
			name = "首页";
			sourceTree = "<group>";
		};
		8930E9B11D6C02F8003C1B44 /* 动画 */ = {
			isa = PBXGroup;
			children = (
				89CA5D001D785CB6003C56BE /* View */,
				8930E9B21D6C0318003C1B44 /* AnimationViewController.h */,
				8930E9B31D6C0318003C1B44 /* AnimationViewController.m */,
			);
			name = "动画";
			sourceTree = "<group>";
		};
		8930E9B51D6C031C003C1B44 /* 音乐 */ = {
			isa = PBXGroup;
			children = (
				8930E9B61D6C032D003C1B44 /* MusicViewController.h */,
				8930E9B71D6C032D003C1B44 /* MusicViewController.m */,
			);
			name = "音乐";
			sourceTree = "<group>";
		};
		8930E9B91D6C0330003C1B44 /* 游戏 */ = {
			isa = PBXGroup;
			children = (
				8930E9BA1D6C0340003C1B44 /* GameViewController.h */,
				8930E9BB1D6C0340003C1B44 /* GameViewController.m */,
			);
			name = "游戏";
			sourceTree = "<group>";
		};
		8930E9BD1D6C0349003C1B44 /* 三次元 */ = {
			isa = PBXGroup;
			children = (
				8930E9BE1D6C0372003C1B44 /* ThreeDViewController.h */,
				8930E9BF1D6C0372003C1B44 /* ThreeDViewController.m */,
			);
			name = "三次元";
			sourceTree = "<group>";
		};
		8930E9C41D6C0385003C1B44 /* 影剧 */ = {
			isa = PBXGroup;
			children = (
				8930E9C11D6C0381003C1B44 /* MovieViewController.h */,
				8930E9C21D6C0381003C1B44 /* MovieViewController.m */,
			);
			name = "影剧";
			sourceTree = "<group>";
		};
		8930E9C51D6C0394003C1B44 /* 新番 */ = {
			isa = PBXGroup;
			children = (
				8930E9C61D6C03A5003C1B44 /* BangumiViewController.h */,
				8930E9C71D6C03A5003C1B44 /* BangumiViewController.m */,
			);
			name = "新番";
			sourceTree = "<group>";
		};
		8930E9C91D6C0600003C1B44 /* 分区 */ = {
			isa = PBXGroup;
			children = (
				89C25BFA1D86EAC1008E85F8 /* View */,
				8930E9CA1D6C060C003C1B44 /* SectionViewController.h */,
				8930E9CB1D6C060C003C1B44 /* SectionViewController.m */,
			);
			name = "分区";
			sourceTree = "<group>";
		};
		8930E9CF1D6C205D003C1B44 /* 我的 */ = {
			isa = PBXGroup;
			children = (
				818DDE781D87F4C200B22A59 /* View */,
				8930E9D01D6C206D003C1B44 /* MineViewController.h */,
				8930E9D11D6C206D003C1B44 /* MineViewController.m */,
				8939827A1D88552B00E88C14 /* SearchListViewController.h */,
				8939827B1D88552B00E88C14 /* SearchListViewController.m */,
				8103AB081D991E6300E75AC9 /* MineCollectionViewController.h */,
				8103AB091D991E6300E75AC9 /* MineCollectionViewController.m */,
			);
			name = "我的";
			sourceTree = "<group>";
		};
		8930E9DB1D6C2E83003C1B44 /* Tools */ = {
			isa = PBXGroup;
			children = (
				89C761051D6C838500635384 /* Category */,
				8930E9DC1D6C2E88003C1B44 /* AFHTTPDataResponseSerializer.h */,
				8930E9DD1D6C2E88003C1B44 /* AFHTTPDataResponseSerializer.m */,
				89D3C1471D6DA41D0064FA67 /* DanmakuDataFormatter.h */,
				89D3C1481D6DA41D0064FA67 /* DanmakuDataFormatter.m */,
				818DDE7F1D880A7300B22A59 /* ToolsManager.h */,
				818DDE801D880A7300B22A59 /* ToolsManager.m */,
			);
			path = Tools;
			sourceTree = "<group>";
		};
		8930E9EE1D6C5354003C1B44 /* View */ = {
			isa = PBXGroup;
			children = (
				8930E9EF1D6C5B63003C1B44 /* HomePageSectionTableViewCell.h */,
				8930E9F01D6C5B63003C1B44 /* HomePageSectionTableViewCell.m */,
				89C761021D6C80F900635384 /* HomePageSectionCollectionViewCell.h */,
				89C761031D6C80F900635384 /* HomePageSectionCollectionViewCell.m */,
				89D3C13B1D6D876B0064FA67 /* HomePageSectionHeaderFooterView.h */,
				89D3C13C1D6D876B0064FA67 /* HomePageSectionHeaderFooterView.m */,
			);
			name = View;
			sourceTree = "<group>";
		};
		893982691D884A7A00E88C14 /* ViewModel */ = {
			isa = PBXGroup;
			children = (
				8939826A1D884AB500E88C14 /* VideoListProtocol.h */,
				8939826B1D884C1300E88C14 /* BaseViewModel.h */,
				8939826C1D884C1300E88C14 /* BaseViewModel.m */,
				8939826E1D884C2500E88C14 /* SectionViewModel.h */,
				8939826F1D884C2500E88C14 /* SectionViewModel.m */,
				893982741D8851F200E88C14 /* SearchViewModel.h */,
				893982751D8851F200E88C14 /* SearchViewModel.m */,
			);
			path = ViewModel;
			sourceTree = "<group>";
		};
		89C25BFA1D86EAC1008E85F8 /* View */ = {
			isa = PBXGroup;
			children = (
				89C25BFB1D86EAD7008E85F8 /* SectionCollectionViewCell.h */,
				89C25BFC1D86EAD7008E85F8 /* SectionCollectionViewCell.m */,
			);
			name = View;
			sourceTree = "<group>";
		};
		89C760FC1D6C803600635384 /* Resource */ = {
			isa = PBXGroup;
			children = (
				89C760FF1D6C804600635384 /* LaunchScreen.storyboard */,
				89C760FD1D6C804000635384 /* Assets.xcassets */,
				89CA5D0E1D788A2A003C56BE /* section_map.plist */,
			);
			path = Resource;
			sourceTree = "<group>";
		};
		89C761051D6C838500635384 /* Category */ = {
			isa = PBXGroup;
			children = (
				8103AB051D99175400E75AC9 /* MBProgressHUD+Tools.h */,
				8103AB061D99175400E75AC9 /* MBProgressHUD+Tools.m */,
				89D3C14A1D6DA5140064FA67 /* JHDanmakuEngine+Tools.h */,
				89D3C14B1D6DA5140064FA67 /* JHDanmakuEngine+Tools.m */,
				89C761061D6C84C200635384 /* NSString+Tools.h */,
				89C761071D6C84C200635384 /* NSString+Tools.m */,
				89D3C1381D6D3A640064FA67 /* MJRefreshNormalHeader+DefaultRefreshStyle.h */,
				89D3C1391D6D3A640064FA67 /* MJRefreshNormalHeader+DefaultRefreshStyle.m */,
				89E574C11D772D6900415F97 /* MJRefreshAutoNormalFooter+DefaultRefreshStyle.h */,
				89E574C21D772D6900415F97 /* MJRefreshAutoNormalFooter+DefaultRefreshStyle.m */,
				811C707D1D9A0EEB00610BFA /* UIImage+ImageEffects.h */,
				811C707E1D9A0EEB00610BFA /* UIImage+ImageEffects.m */,
			);
			name = Category;
			sourceTree = "<group>";
		};
		89CA5D001D785CB6003C56BE /* View */ = {
			isa = PBXGroup;
			children = (
			);
			name = View;
			sourceTree = "<group>";
		};
		89CA5D0A1D7865E8003C56BE /* View */ = {
			isa = PBXGroup;
			children = (
				89CA5D011D785CF2003C56BE /* SectionTableViewCell.h */,
				89CA5D021D785CF2003C56BE /* SectionTableViewCell.m */,
			);
			name = View;
			sourceTree = "<group>";
		};
		C6E73EAB12B5F5BE69E32E52 /* Pods */ = {
			isa = PBXGroup;
			children = (
				62A7950F6049C9F4CA84344C /* Pods-TucaoForiOS.debug.xcconfig */,
				F77412BFF43BE10877EBD114 /* Pods-TucaoForiOS.release.xcconfig */,
			);
			name = Pods;
			sourceTree = "<group>";
		};
/* End PBXGroup section */

/* Begin PBXNativeTarget section */
		8930E98A1D6BFEBF003C1B44 /* TucaoForiOS */ = {
			isa = PBXNativeTarget;
			buildConfigurationList = 8930E9A21D6BFEBF003C1B44 /* Build configuration list for PBXNativeTarget "TucaoForiOS" */;
			buildPhases = (
				9FE3840769B458D2BCA2D0F1 /* [CP] Check Pods Manifest.lock */,
				8930E9871D6BFEBF003C1B44 /* Sources */,
				8930E9881D6BFEBF003C1B44 /* Frameworks */,
				8930E9891D6BFEBF003C1B44 /* Resources */,
				9182AB4894F196700561A444 /* [CP] Embed Pods Frameworks */,
				B1A3FE579C18D7DB793B7BF6 /* [CP] Copy Pods Resources */,
				5973612A9298606DEF262A14 /* Embed Pods Frameworks */,
			);
			buildRules = (
			);
			dependencies = (
			);
			name = TucaoForiOS;
			productName = TucaoForiOS;
			productReference = 8930E98B1D6BFEBF003C1B44 /* TucaoForiOS.app */;
			productType = "com.apple.product-type.application";
		};
/* End PBXNativeTarget section */

/* Begin PBXProject section */
		8930E9831D6BFEBF003C1B44 /* Project object */ = {
			isa = PBXProject;
			attributes = {
				LastUpgradeCheck = 0730;
				ORGANIZATIONNAME = jimHuang;
				TargetAttributes = {
					8930E98A1D6BFEBF003C1B44 = {
						CreatedOnToolsVersion = 7.3.1;
						DevelopmentTeam = Q35T78D2D5;
					};
				};
			};
			buildConfigurationList = 8930E9861D6BFEBF003C1B44 /* Build configuration list for PBXProject "TucaoForiOS" */;
			compatibilityVersion = "Xcode 3.2";
			developmentRegion = English;
			hasScannedForEncodings = 0;
			knownRegions = (
				en,
				Base,
			);
			mainGroup = 8930E9821D6BFEBF003C1B44;
			productRefGroup = 8930E98C1D6BFEBF003C1B44 /* Products */;
			projectDirPath = "";
			projectRoot = "";
			targets = (
				8930E98A1D6BFEBF003C1B44 /* TucaoForiOS */,
			);
		};
/* End PBXProject section */

/* Begin PBXResourcesBuildPhase section */
		8930E9891D6BFEBF003C1B44 /* Resources */ = {
			isa = PBXResourcesBuildPhase;
			buildActionMask = 2147483647;
			files = (
				89CA5D0F1D788A2A003C56BE /* section_map.plist in Resources */,
				89C760FE1D6C804000635384 /* Assets.xcassets in Resources */,
				89C761011D6C804600635384 /* LaunchScreen.storyboard in Resources */,
			);
			runOnlyForDeploymentPostprocessing = 0;
		};
/* End PBXResourcesBuildPhase section */

/* Begin PBXShellScriptBuildPhase section */
		5973612A9298606DEF262A14 /* Embed Pods Frameworks */ = {
			isa = PBXShellScriptBuildPhase;
			buildActionMask = 2147483647;
			files = (
			);
			inputPaths = (
			);
			name = "Embed Pods Frameworks";
			outputPaths = (
			);
			runOnlyForDeploymentPostprocessing = 0;
			shellPath = /bin/sh;
			shellScript = "\"${SRCROOT}/Pods/Target Support Files/Pods-TucaoForiOS/Pods-TucaoForiOS-frameworks.sh\"\n";
			showEnvVarsInLog = 0;
		};
		9182AB4894F196700561A444 /* [CP] Embed Pods Frameworks */ = {
			isa = PBXShellScriptBuildPhase;
			buildActionMask = 2147483647;
			files = (
			);
			inputPaths = (
			);
			name = "[CP] Embed Pods Frameworks";
			outputPaths = (
			);
			runOnlyForDeploymentPostprocessing = 0;
			shellPath = /bin/sh;
			shellScript = "\"${SRCROOT}/Pods/Target Support Files/Pods-TucaoForiOS/Pods-TucaoForiOS-frameworks.sh\"\n";
			showEnvVarsInLog = 0;
		};
		9FE3840769B458D2BCA2D0F1 /* [CP] Check Pods Manifest.lock */ = {
			isa = PBXShellScriptBuildPhase;
			buildActionMask = 2147483647;
			files = (
			);
			inputPaths = (
			);
			name = "[CP] Check Pods Manifest.lock";
			outputPaths = (
			);
			runOnlyForDeploymentPostprocessing = 0;
			shellPath = /bin/sh;
			shellScript = "diff \"${PODS_ROOT}/../Podfile.lock\" \"${PODS_ROOT}/Manifest.lock\" > /dev/null\nif [[ $? != 0 ]] ; then\n    cat << EOM\nerror: The sandbox is not in sync with the Podfile.lock. Run 'pod install' or update your CocoaPods installation.\nEOM\n    exit 1\nfi\n";
			showEnvVarsInLog = 0;
		};
		B1A3FE579C18D7DB793B7BF6 /* [CP] Copy Pods Resources */ = {
			isa = PBXShellScriptBuildPhase;
			buildActionMask = 2147483647;
			files = (
			);
			inputPaths = (
			);
			name = "[CP] Copy Pods Resources";
			outputPaths = (
			);
			runOnlyForDeploymentPostprocessing = 0;
			shellPath = /bin/sh;
			shellScript = "\"${SRCROOT}/Pods/Target Support Files/Pods-TucaoForiOS/Pods-TucaoForiOS-resources.sh\"\n";
			showEnvVarsInLog = 0;
		};
/* End PBXShellScriptBuildPhase section */

/* Begin PBXSourcesBuildPhase section */
		8930E9871D6BFEBF003C1B44 /* Sources */ = {
			isa = PBXSourcesBuildPhase;
			buildActionMask = 2147483647;
			files = (
				899D0FEB1D7143AB0073964D /* VideoInfoTextTableViewCell.m in Sources */,
				8930E9B81D6C032D003C1B44 /* MusicViewController.m in Sources */,
				89EE83D01D6EF5AD006A85AD /* WebViewController.m in Sources */,
				8930E9C31D6C0381003C1B44 /* MovieViewController.m in Sources */,
				8930E9C81D6C03A5003C1B44 /* BangumiViewController.m in Sources */,
				89F959E51D72EC8E0024D67D /* VideoInfoBriefView.m in Sources */,
				8930E9D21D6C206D003C1B44 /* MineViewController.m in Sources */,
				89C761041D6C80F900635384 /* HomePageSectionCollectionViewCell.m in Sources */,
				89D3C14C1D6DA5140064FA67 /* JHDanmakuEngine+Tools.m in Sources */,
				893982651D882BD600E88C14 /* SearchHistoryListView.m in Sources */,
				893982681D88338B00E88C14 /* SearchHistoryClearAllTableViewCell.m in Sources */,
				8930E9E41D6C3016003C1B44 /* HomePageNetManager.m in Sources */,
				8930E9B01D6C02F4003C1B44 /* HomePageViewController.m in Sources */,
				89154B881D6E8C230039E551 /* VideoInfoNumberTableViewCell.m in Sources */,
				89C761081D6C84C200635384 /* NSString+Tools.m in Sources */,
				8930E9BC1D6C0340003C1B44 /* GameViewController.m in Sources */,
				89CA5D061D78642F003C56BE /* BasePageViewController.m in Sources */,
				89CA5D031D785CF2003C56BE /* SectionTableViewCell.m in Sources */,
				8930E9931D6BFEBF003C1B44 /* AppDelegate.m in Sources */,
				89CA5D0D1D786746003C56BE /* SectionNetManager.m in Sources */,
				818DDE811D880A7300B22A59 /* ToolsManager.m in Sources */,
				8930E9CC1D6C060C003C1B44 /* SectionViewController.m in Sources */,
				89D3C1431D6DA2E60064FA67 /* DanmakuNetManager.m in Sources */,
				8930E9E71D6C32A3003C1B44 /* VideoCollectionModel.m in Sources */,
				8905B6A41D79D6210008D25B /* PlayerUIView.m in Sources */,
				8905B69F1D79D5770008D25B /* PlayerView.m in Sources */,
				8930E9E11D6C2EA8003C1B44 /* TucaoErrorModel.m in Sources */,
				8930E9F11D6C5B63003C1B44 /* HomePageSectionTableViewCell.m in Sources */,
				8930E9C01D6C0372003C1B44 /* ThreeDViewController.m in Sources */,
				89D3C13A1D6D3A640064FA67 /* MJRefreshNormalHeader+DefaultRefreshStyle.m in Sources */,
				89154B8F1D6EE4F40039E551 /* VideoInfoEpisodeTableViewCell.m in Sources */,
				89154B8C1D6EDC660039E551 /* VideoInfoButtonTableViewCell.m in Sources */,
				89E574C31D772D6900415F97 /* MJRefreshAutoNormalFooter+DefaultRefreshStyle.m in Sources */,
				8930E9D71D6C2649003C1B44 /* BaseViewController.m in Sources */,
				8939827C1D88552B00E88C14 /* SearchListViewController.m in Sources */,
				89154B921D6EE7050039E551 /* VideoInfoEpisodeCollectionViewCell.m in Sources */,
				8103AB071D99175400E75AC9 /* MBProgressHUD+Tools.m in Sources */,
				89D3C1461D6DA3130064FA67 /* DanmakuModel.m in Sources */,
				89CA5D091D7865B4003C56BE /* BaseSectionViewController.m in Sources */,
				89C25BFD1D86EAD7008E85F8 /* SectionCollectionViewCell.m in Sources */,
				893982791D8852F500E88C14 /* SearchNetManager.m in Sources */,
				89D3C1401D6D99390064FA67 /* VideoNetManager.m in Sources */,
				811C707C1D9A075500610BFA /* HeadHitDisableTableView.m in Sources */,
				89D3C1491D6DA41D0064FA67 /* DanmakuDataFormatter.m in Sources */,
				899D0FC51D7134B50073964D /* VideoInfoViewController.m in Sources */,
				89EE83D31D6EF816006A85AD /* UserInfoWebViewController.m in Sources */,
				811C707F1D9A0EEB00610BFA /* UIImage+ImageEffects.m in Sources */,
				8930E9B41D6C0318003C1B44 /* AnimationViewController.m in Sources */,
				8930E9AC1D6C0133003C1B44 /* MainViewController.m in Sources */,
				818DDE7E1D87F7AD00B22A59 /* MineCenterTableViewCell.m in Sources */,
				8930E9DA1D6C2E5B003C1B44 /* BaseNetManager.m in Sources */,
				8103AB0A1D991E6300E75AC9 /* MineCollectionViewController.m in Sources */,
				893982701D884C2500E88C14 /* SectionViewModel.m in Sources */,
				8930E9DE1D6C2E88003C1B44 /* AFHTTPDataResponseSerializer.m in Sources */,
				89154B951D6EEEBF0039E551 /* VideoInfoUserTableViewCell.m in Sources */,
				8930E9EA1D6C32B1003C1B44 /* BaseModel.m in Sources */,
				893982731D884E8500E88C14 /* BaseVideoListViewController.m in Sources */,
				89D3C13D1D6D876B0064FA67 /* HomePageSectionHeaderFooterView.m in Sources */,
				8939826D1D884C1300E88C14 /* BaseViewModel.m in Sources */,
				893982761D8851F200E88C14 /* SearchViewModel.m in Sources */,
				8930E9901D6BFEBF003C1B44 /* main.m in Sources */,
			);
			runOnlyForDeploymentPostprocessing = 0;
		};
/* End PBXSourcesBuildPhase section */

/* Begin PBXVariantGroup section */
		89C760FF1D6C804600635384 /* LaunchScreen.storyboard */ = {
			isa = PBXVariantGroup;
			children = (
				89C761001D6C804600635384 /* Base */,
			);
			name = LaunchScreen.storyboard;
			sourceTree = "<group>";
		};
/* End PBXVariantGroup section */

/* Begin XCBuildConfiguration section */
		8930E9A01D6BFEBF003C1B44 /* Debug */ = {
			isa = XCBuildConfiguration;
			buildSettings = {
				ALWAYS_SEARCH_USER_PATHS = NO;
				CLANG_ANALYZER_NONNULL = YES;
				CLANG_CXX_LANGUAGE_STANDARD = "gnu++0x";
				CLANG_CXX_LIBRARY = "libc++";
				CLANG_ENABLE_MODULES = YES;
				CLANG_ENABLE_OBJC_ARC = YES;
				CLANG_WARN_BOOL_CONVERSION = YES;
				CLANG_WARN_CONSTANT_CONVERSION = YES;
				CLANG_WARN_DIRECT_OBJC_ISA_USAGE = YES_ERROR;
				CLANG_WARN_EMPTY_BODY = YES;
				CLANG_WARN_ENUM_CONVERSION = YES;
				CLANG_WARN_INT_CONVERSION = YES;
				CLANG_WARN_OBJC_ROOT_CLASS = YES_ERROR;
				CLANG_WARN_UNREACHABLE_CODE = YES;
				CLANG_WARN__DUPLICATE_METHOD_MATCH = YES;
				"CODE_SIGN_IDENTITY[sdk=iphoneos*]" = "iPhone Developer";
				COPY_PHASE_STRIP = NO;
				DEBUG_INFORMATION_FORMAT = dwarf;
				ENABLE_STRICT_OBJC_MSGSEND = YES;
				ENABLE_TESTABILITY = YES;
				GCC_C_LANGUAGE_STANDARD = gnu99;
				GCC_DYNAMIC_NO_PIC = NO;
				GCC_NO_COMMON_BLOCKS = YES;
				GCC_OPTIMIZATION_LEVEL = 0;
				GCC_PREPROCESSOR_DEFINITIONS = (
					"DEBUG=1",
					"$(inherited)",
				);
				GCC_WARN_64_TO_32_BIT_CONVERSION = YES;
				GCC_WARN_ABOUT_RETURN_TYPE = YES_ERROR;
				GCC_WARN_UNDECLARED_SELECTOR = YES;
				GCC_WARN_UNINITIALIZED_AUTOS = YES_AGGRESSIVE;
				GCC_WARN_UNUSED_FUNCTION = YES;
				GCC_WARN_UNUSED_VARIABLE = YES;
				IPHONEOS_DEPLOYMENT_TARGET = 9.3;
				MTL_ENABLE_DEBUG_INFO = YES;
				ONLY_ACTIVE_ARCH = YES;
				SDKROOT = iphoneos;
			};
			name = Debug;
		};
		8930E9A11D6BFEBF003C1B44 /* Release */ = {
			isa = XCBuildConfiguration;
			buildSettings = {
				ALWAYS_SEARCH_USER_PATHS = NO;
				CLANG_ANALYZER_NONNULL = YES;
				CLANG_CXX_LANGUAGE_STANDARD = "gnu++0x";
				CLANG_CXX_LIBRARY = "libc++";
				CLANG_ENABLE_MODULES = YES;
				CLANG_ENABLE_OBJC_ARC = YES;
				CLANG_WARN_BOOL_CONVERSION = YES;
				CLANG_WARN_CONSTANT_CONVERSION = YES;
				CLANG_WARN_DIRECT_OBJC_ISA_USAGE = YES_ERROR;
				CLANG_WARN_EMPTY_BODY = YES;
				CLANG_WARN_ENUM_CONVERSION = YES;
				CLANG_WARN_INT_CONVERSION = YES;
				CLANG_WARN_OBJC_ROOT_CLASS = YES_ERROR;
				CLANG_WARN_UNREACHABLE_CODE = YES;
				CLANG_WARN__DUPLICATE_METHOD_MATCH = YES;
				"CODE_SIGN_IDENTITY[sdk=iphoneos*]" = "iPhone Developer";
				COPY_PHASE_STRIP = NO;
				DEBUG_INFORMATION_FORMAT = "dwarf-with-dsym";
				ENABLE_NS_ASSERTIONS = NO;
				ENABLE_STRICT_OBJC_MSGSEND = YES;
				GCC_C_LANGUAGE_STANDARD = gnu99;
				GCC_NO_COMMON_BLOCKS = YES;
				GCC_WARN_64_TO_32_BIT_CONVERSION = YES;
				GCC_WARN_ABOUT_RETURN_TYPE = YES_ERROR;
				GCC_WARN_UNDECLARED_SELECTOR = YES;
				GCC_WARN_UNINITIALIZED_AUTOS = YES_AGGRESSIVE;
				GCC_WARN_UNUSED_FUNCTION = YES;
				GCC_WARN_UNUSED_VARIABLE = YES;
				IPHONEOS_DEPLOYMENT_TARGET = 9.3;
				MTL_ENABLE_DEBUG_INFO = NO;
				SDKROOT = iphoneos;
				VALIDATE_PRODUCT = YES;
			};
			name = Release;
		};
		8930E9A31D6BFEBF003C1B44 /* Debug */ = {
			isa = XCBuildConfiguration;
			baseConfigurationReference = 62A7950F6049C9F4CA84344C /* Pods-TucaoForiOS.debug.xcconfig */;
			buildSettings = {
				ASSETCATALOG_COMPILER_APPICON_NAME = AppIcon;
				CLANG_ENABLE_MODULES = YES;
				CODE_SIGN_IDENTITY = "iPhone Developer";
				GCC_PREFIX_HEADER = "$(SRCROOT)/TucaoForiOS/Config/PrefixHeader.pch";
				INFOPLIST_FILE = TucaoForiOS/Info.plist;
				IPHONEOS_DEPLOYMENT_TARGET = 8.0;
				LD_RUNPATH_SEARCH_PATHS = "$(inherited) @executable_path/Frameworks";
				PRODUCT_BUNDLE_IDENTIFIER = com.jimHuang.TucaoForiOS;
				PRODUCT_NAME = "$(TARGET_NAME)";
				SWIFT_OPTIMIZATION_LEVEL = "-Onone";
			};
			name = Debug;
		};
		8930E9A41D6BFEBF003C1B44 /* Release */ = {
			isa = XCBuildConfiguration;
			baseConfigurationReference = F77412BFF43BE10877EBD114 /* Pods-TucaoForiOS.release.xcconfig */;
			buildSettings = {
				ASSETCATALOG_COMPILER_APPICON_NAME = AppIcon;
				CLANG_ENABLE_MODULES = YES;
				CODE_SIGN_IDENTITY = "iPhone Developer";
				GCC_PREFIX_HEADER = "$(SRCROOT)/TucaoForiOS/Config/PrefixHeader.pch";
				INFOPLIST_FILE = TucaoForiOS/Info.plist;
				IPHONEOS_DEPLOYMENT_TARGET = 8.0;
				LD_RUNPATH_SEARCH_PATHS = "$(inherited) @executable_path/Frameworks";
				PRODUCT_BUNDLE_IDENTIFIER = com.jimHuang.TucaoForiOS;
				PRODUCT_NAME = "$(TARGET_NAME)";
			};
			name = Release;
		};
/* End XCBuildConfiguration section */

/* Begin XCConfigurationList section */
		8930E9861D6BFEBF003C1B44 /* Build configuration list for PBXProject "TucaoForiOS" */ = {
			isa = XCConfigurationList;
			buildConfigurations = (
				8930E9A01D6BFEBF003C1B44 /* Debug */,
				8930E9A11D6BFEBF003C1B44 /* Release */,
			);
			defaultConfigurationIsVisible = 0;
			defaultConfigurationName = Release;
		};
		8930E9A21D6BFEBF003C1B44 /* Build configuration list for PBXNativeTarget "TucaoForiOS" */ = {
			isa = XCConfigurationList;
			buildConfigurations = (
				8930E9A31D6BFEBF003C1B44 /* Debug */,
				8930E9A41D6BFEBF003C1B44 /* Release */,
			);
			defaultConfigurationIsVisible = 0;
			defaultConfigurationName = Release;
		};
/* End XCConfigurationList section */
	};
	rootObject = 8930E9831D6BFEBF003C1B44 /* Project object */;
}
