PODS:
  - AFNetworking (3.1.0):
    - AFNetworking/NSURLSession (= 3.1.0)
    - AFNetworking/Reachability (= 3.1.0)
    - AFNetworking/Security (= 3.1.0)
    - AFNetworking/Serialization (= 3.1.0)
    - AFNetworking/UIKit (= 3.1.0)
  - AFNetworking/NSURLSession (3.1.0):
    - AFNetworking/Reachability
    - AFNetworking/Security
    - AFNetworking/Serialization
  - AFNetworking/Reachability (3.1.0)
  - AFNetworking/Security (3.1.0)
  - AFNetworking/Serialization (3.1.0)
  - AFNetworking/UIKit (3.1.0):
    - AFNetworking/NSURLSession
  - FDFullscreenPopGesture (1.1)
  - GDataXML-HTML (1.3.0)
  - iCarousel (1.8.2)
  - JHDanmakuRender (1.21)
  - Masonry (1.0.1)
  - MBProgressHUD (1.0.0)
  - MJRefresh (3.1.12)
  - UITableView+FDTemplateLayoutCell (1.4)
  - WMPageController (1.9.0)
  - YYCache (1.0.3)
  - YYCategories (1.0.3):
    - YYCategories/no-arc (= 1.0.3)
  - YYCategories/no-arc (1.0.3)
  - YYImage (1.0.3):
    - YYImage/Core (= 1.0.3)
  - YYImage/Core (1.0.3)
  - YYModel (1.0.4)
  - YYWebImage (1.0.4):
    - YYCache
    - YYImage

DEPENDENCIES:
  - AFNetworking
  - FDFullscreenPopGesture
  - GDataXML-HTML
  - iCarousel
  - JHDanmakuRender
  - Masonry
  - MBProgressHUD
  - MJRefresh
  - UITableView+FDTemplateLayoutCell
  - WMPageController
  - YYCategories
  - YYModel
  - YYWebImage

SPEC CHECKSUMS:
  AFNetworking: 5e0e199f73d8626b11e79750991f5d173d1f8b67
  FDFullscreenPopGesture: a8a620179e3d9c40e8e00256dcee1c1a27c6d0f0
  GDataXML-HTML: 7adc03668cab35c288f1dbb8929a179f0fece898
  iCarousel: 67c8a43da5a46795b56aadfc96cd36a16f6149b2
  JHDanmakuRender: 3aff6264e27d382e10266fcbe0a77678a20e16dd
  Masonry: a1a931a0d08870ed8ae415a2ea5ea68ebcac77df
  MBProgressHUD: 4890f671c94e8a0f3cf959aa731e9de2f036d71a
  MJRefresh: b96cdb21c4aa75a7b07654311ab2f315c497e806
  UITableView+FDTemplateLayoutCell: 234e1582bcc4e18461af91155123bb96538ed030
  WMPageController: 088ab96e271f12878eff084b3851620b701826c6
  YYCache: 282f35b5b0990833d0b7a06d864a87141a021da2
  YYCategories: 0fd4d9eb0994d8d0e355beb4081c8f7202a82b7b
  YYImage: 362f44ffba1fc498f2152060f3bb54ed84600981
  YYModel: 2a7fdd96aaa4b86a824e26d0c517de8928c04b30
  YYWebImage: 0431ed108e104527669b86f75efd58958425cca2

PODFILE CHECKSUM: 145afdc0dfa74f9b53bff6da4b5309ef0789df53

COCOAPODS: 1.0.1
